
Microsoft Visual Studio Solution File, Format Version 12.00
# Visual Studio 2015
Project("{FAE04EC0-301F-11D3-BF4B-00C04F79EFBC}") = "Cortana.CSharp", "Cortana.CSharp.csproj", "{CDDAA738-CDC4-062F-068C-B1C719D4645A}"
EndProject
Global
	GlobalSection(SolutionConfigurationPlatforms) = preSolution
		Debug|Any CPU = Debug|Any CPU
		Release|Any CPU = Release|Any CPU
	EndGlobalSection
	GlobalSection(ProjectConfigurationPlatforms) = postSolution
		{CDDAA738-CDC4-062F-068C-B1C719D4645A}.Debug|Any CPU.ActiveCfg = Debug|Any CPU
		{CDDAA738-CDC4-062F-068C-B1C719D4645A}.Debug|Any CPU.Build.0 = Debug|Any CPU
		{CDDAA738-CDC4-062F-068C-B1C719D4645A}.Release|Any CPU.ActiveCfg = Release|Any CPU
		{CDDAA738-CDC4-062F-068C-B1C719D4645A}.Release|Any CPU.Build.0 = Release|Any CPU
	EndGlobalSection
	GlobalSection(SolutionProperties) = preSolution
		HideSolutionNode = FALSE
	EndGlobalSection
EndGlobal
